
Microsoft Visual Studio Solution File, Format Version 12.00
# Visual Studio Version 16
VisualStudioVersion = 16.0.31112.23
MinimumVisualStudioVersion = 10.0.40219.1
Project("{FAE04EC0-301F-11D3-BF4B-00C04F79EFBC}") = "get installed programs information", "get installed programs information\get installed programs information.csproj", "{B1C1E077-7460-4F88-92CB-2D81FBFE430A}"
EndProject
Global
	GlobalSection(SolutionConfigurationPlatforms) = preSolution
		Debug|Any CPU = Debug|Any CPU
		Release|Any CPU = Release|Any CPU
	EndGlobalSection
	GlobalSection(ProjectConfigurationPlatforms) = postSolution
		{B1C1E077-7460-4F88-92CB-2D81FBFE430A}.Debug|Any CPU.ActiveCfg = Debug|Any CPU
		{B1C1E077-7460-4F88-92CB-2D81FBFE430A}.Debug|Any CPU.Build.0 = Debug|Any CPU
		{B1C1E077-7460-4F88-92CB-2D81FBFE430A}.Release|Any CPU.ActiveCfg = Release|Any CPU
		{B1C1E077-7460-4F88-92CB-2D81FBFE430A}.Release|Any CPU.Build.0 = Release|Any CPU
	EndGlobalSection
	GlobalSection(SolutionProperties) = preSolution
		HideSolutionNode = FALSE
	EndGlobalSection
	GlobalSection(ExtensibilityGlobals) = postSolution
		SolutionGuid = {FC73765C-28F4-46CF-BA0D-04E6F7B8C681}
	EndGlobalSection
EndGlobal
